
Microsoft Visual Studio Solution File, Format Version 12.00
# Visual Studio Version 16
VisualStudioVersion = 16.0.28803.156
MinimumVisualStudioVersion = 10.0.40219.1
Project("{9A19103F-16F7-4668-BE54-9A1E7A4F7556}") = "WodiLib", "WodiLib\WodiLib.csproj", "{3B885DBA-EFF6-4BF9-836B-EE40DAE8DB36}"
EndProject
Project("{9A19103F-16F7-4668-BE54-9A1E7A4F7556}") = "WodiLib.Test", "WodiLib.Test\WodiLib.Test.csproj", "{30FFF963-2E39-4DCF-B845-FD5031F8D724}"
EndProject
Project("{FAE04EC0-301F-11D3-BF4B-00C04F79EFBC}") = "WodiLibSample", "WodiLibSample\WodiLibSample.csproj", "{8FFB952F-0CB1-4F1A-B009-6F6D1D975642}"
EndProject
Global
	GlobalSection(SolutionConfigurationPlatforms) = preSolution
		Debug|Any CPU = Debug|Any CPU
		Release|Any CPU = Release|Any CPU
	EndGlobalSection
	GlobalSection(ProjectConfigurationPlatforms) = postSolution
		{3B885DBA-EFF6-4BF9-836B-EE40DAE8DB36}.Debug|Any CPU.ActiveCfg = Debug|Any CPU
		{3B885DBA-EFF6-4BF9-836B-EE40DAE8DB36}.Debug|Any CPU.Build.0 = Debug|Any CPU
		{3B885DBA-EFF6-4BF9-836B-EE40DAE8DB36}.Release|Any CPU.ActiveCfg = Release|Any CPU
		{3B885DBA-EFF6-4BF9-836B-EE40DAE8DB36}.Release|Any CPU.Build.0 = Release|Any CPU
		{30FFF963-2E39-4DCF-B845-FD5031F8D724}.Debug|Any CPU.ActiveCfg = Debug|Any CPU
		{30FFF963-2E39-4DCF-B845-FD5031F8D724}.Debug|Any CPU.Build.0 = Debug|Any CPU
		{30FFF963-2E39-4DCF-B845-FD5031F8D724}.Release|Any CPU.ActiveCfg = Release|Any CPU
		{30FFF963-2E39-4DCF-B845-FD5031F8D724}.Release|Any CPU.Build.0 = Release|Any CPU
		{8FFB952F-0CB1-4F1A-B009-6F6D1D975642}.Debug|Any CPU.ActiveCfg = Debug|Any CPU
		{8FFB952F-0CB1-4F1A-B009-6F6D1D975642}.Debug|Any CPU.Build.0 = Debug|Any CPU
		{8FFB952F-0CB1-4F1A-B009-6F6D1D975642}.Release|Any CPU.ActiveCfg = Release|Any CPU
		{8FFB952F-0CB1-4F1A-B009-6F6D1D975642}.Release|Any CPU.Build.0 = Release|Any CPU
	EndGlobalSection
	GlobalSection(SolutionProperties) = preSolution
		HideSolutionNode = FALSE
	EndGlobalSection
	GlobalSection(ExtensibilityGlobals) = postSolution
		SolutionGuid = {E5C2FD01-4CA3-4B75-9975-2DD1A2B1B6A5}
	EndGlobalSection
EndGlobal
